
Microsoft Visual Studio Solution File, Format Version 12.00
# Visual Studio Version 17
VisualStudioVersion = 17.0.31903.59
MinimumVisualStudioVersion = 10.0.40219.1
Project("{2150E333-8FDC-42A3-9474-1A3956D46DE8}") = "Solution Items", "Solution Items", "{8EC462FD-D22E-90A8-E5CE-7E832BA40C5D}"
	ProjectSection(SolutionItems) = preProject
		paket.dependencies = paket.dependencies
	EndProjectSection
EndProject
Project("{F2A71F9B-5D33-465A-A702-920D77279786}") = "Thoth.Bson.LiteDB.Tests", "Thoth.Bson.LiteDB.Tests\Thoth.Bson.LiteDB.Tests.fsproj", "{50DA7E77-E119-7D65-1150-19D27DEE0CD8}"
EndProject
Project("{F2A71F9B-5D33-465A-A702-920D77279786}") = "Thoth.Bson.LiteDB", "Thoth.Bson.LiteDB\Thoth.Bson.LiteDB.fsproj", "{B1C8CE62-A2C7-E554-33D0-14F924C1FE5E}"
EndProject
Global
	GlobalSection(SolutionConfigurationPlatforms) = preSolution
		Debug|Any CPU = Debug|Any CPU
		Release|Any CPU = Release|Any CPU
	EndGlobalSection
	GlobalSection(ProjectConfigurationPlatforms) = postSolution
		{50DA7E77-E119-7D65-1150-19D27DEE0CD8}.Debug|Any CPU.ActiveCfg = Debug|Any CPU
		{50DA7E77-E119-7D65-1150-19D27DEE0CD8}.Debug|Any CPU.Build.0 = Debug|Any CPU
		{50DA7E77-E119-7D65-1150-19D27DEE0CD8}.Release|Any CPU.ActiveCfg = Release|Any CPU
		{50DA7E77-E119-7D65-1150-19D27DEE0CD8}.Release|Any CPU.Build.0 = Release|Any CPU
		{B1C8CE62-A2C7-E554-33D0-14F924C1FE5E}.Debug|Any CPU.ActiveCfg = Debug|Any CPU
		{B1C8CE62-A2C7-E554-33D0-14F924C1FE5E}.Debug|Any CPU.Build.0 = Debug|Any CPU
		{B1C8CE62-A2C7-E554-33D0-14F924C1FE5E}.Release|Any CPU.ActiveCfg = Release|Any CPU
		{B1C8CE62-A2C7-E554-33D0-14F924C1FE5E}.Release|Any CPU.Build.0 = Release|Any CPU
	EndGlobalSection
	GlobalSection(SolutionProperties) = preSolution
		HideSolutionNode = FALSE
	EndGlobalSection
	GlobalSection(ExtensibilityGlobals) = postSolution
		SolutionGuid = {81832113-2E05-4573-A3DD-1AD8235442A7}
	EndGlobalSection
EndGlobal
