
Microsoft Visual Studio Solution File, Format Version 12.00
# Visual Studio Version 17
VisualStudioVersion = 17.0.31903.59
MinimumVisualStudioVersion = 10.0.40219.1
Project("{F2A71F9B-5D33-465A-A702-920D77279786}") = "Thoth.Json.Net", "src\Thoth.Json.Net.fsproj", "{4EE8D82A-9DB5-000B-8131-3FDC66C54DCF}"
EndProject
Project("{F2A71F9B-5D33-465A-A702-920D77279786}") = "Tests", "tests\Tests.fsproj", "{0E16816B-6E89-2E79-9A63-17976DC7BCAF}"
EndProject
Global
	GlobalSection(SolutionConfigurationPlatforms) = preSolution
		Debug|Any CPU = Debug|Any CPU
		Release|Any CPU = Release|Any CPU
	EndGlobalSection
	GlobalSection(ProjectConfigurationPlatforms) = postSolution
		{4EE8D82A-9DB5-000B-8131-3FDC66C54DCF}.Debug|Any CPU.ActiveCfg = Debug|Any CPU
		{4EE8D82A-9DB5-000B-8131-3FDC66C54DCF}.Debug|Any CPU.Build.0 = Debug|Any CPU
		{4EE8D82A-9DB5-000B-8131-3FDC66C54DCF}.Release|Any CPU.ActiveCfg = Release|Any CPU
		{4EE8D82A-9DB5-000B-8131-3FDC66C54DCF}.Release|Any CPU.Build.0 = Release|Any CPU
		{0E16816B-6E89-2E79-9A63-17976DC7BCAF}.Debug|Any CPU.ActiveCfg = Debug|Any CPU
		{0E16816B-6E89-2E79-9A63-17976DC7BCAF}.Debug|Any CPU.Build.0 = Debug|Any CPU
		{0E16816B-6E89-2E79-9A63-17976DC7BCAF}.Release|Any CPU.ActiveCfg = Release|Any CPU
		{0E16816B-6E89-2E79-9A63-17976DC7BCAF}.Release|Any CPU.Build.0 = Release|Any CPU
	EndGlobalSection
	GlobalSection(SolutionProperties) = preSolution
		HideSolutionNode = FALSE
	EndGlobalSection
EndGlobal
